
Microsoft Visual Studio Solution File, Format Version 12.00
# Visual Studio Version 16
VisualStudioVersion = 16.0.30413.136
MinimumVisualStudioVersion = 10.0.40219.1
Project("{FAE04EC0-301F-11D3-BF4B-00C04F79EFBC}") = "DCTR_CliestConsole", "DCTR_CliestConsole.csproj", "{EBD7EE9E-DA8C-4438-A2C1-288AB465F3B8}"
EndProject
Global
	GlobalSection(SolutionConfigurationPlatforms) = preSolution
		Debug|Any CPU = Debug|Any CPU
		Release|Any CPU = Release|Any CPU
	EndGlobalSection
	GlobalSection(ProjectConfigurationPlatforms) = postSolution
		{EBD7EE9E-DA8C-4438-A2C1-288AB465F3B8}.Debug|Any CPU.ActiveCfg = Debug|Any CPU
		{EBD7EE9E-DA8C-4438-A2C1-288AB465F3B8}.Debug|Any CPU.Build.0 = Debug|Any CPU
		{EBD7EE9E-DA8C-4438-A2C1-288AB465F3B8}.Release|Any CPU.ActiveCfg = Release|Any CPU
		{EBD7EE9E-DA8C-4438-A2C1-288AB465F3B8}.Release|Any CPU.Build.0 = Release|Any CPU
	EndGlobalSection
	GlobalSection(SolutionProperties) = preSolution
		HideSolutionNode = FALSE
	EndGlobalSection
	GlobalSection(ExtensibilityGlobals) = postSolution
		SolutionGuid = {25927E7C-A3AA-4A7F-BBAD-E5C377821D58}
	EndGlobalSection
EndGlobal
